
Microsoft Visual Studio Solution File, Format Version 12.00
# Visual Studio 15
VisualStudioVersion = 15.0.26124.0
MinimumVisualStudioVersion = 15.0.26124.0
Project("{FAE04EC0-301F-11D3-BF4B-00C04F79EFBC}") = "GameTOP", "GameTOP\GameTOP.csproj", "{BB761B6E-014B-486E-A374-5ABADDB2B24D}"
EndProject
Project("{FAE04EC0-301F-11D3-BF4B-00C04F79EFBC}") = "GameTOP.lib", "GameTOP.lib\GameTOP.lib.csproj", "{6E76A0DC-1B32-4166-AB9D-A6F75E0D4B37}"
EndProject
Project("{FAE04EC0-301F-11D3-BF4B-00C04F79EFBC}") = "GameTOP.interface", "GameTOP.interface\GameTOP.interface.csproj", "{AB87FAA5-0888-4252-B826-25940D423F74}"
EndProject
Global
	GlobalSection(SolutionConfigurationPlatforms) = preSolution
		Debug|Any CPU = Debug|Any CPU
		Debug|x64 = Debug|x64
		Debug|x86 = Debug|x86
		Release|Any CPU = Release|Any CPU
		Release|x64 = Release|x64
		Release|x86 = Release|x86
	EndGlobalSection
	GlobalSection(SolutionProperties) = preSolution
		HideSolutionNode = FALSE
	EndGlobalSection
	GlobalSection(ProjectConfigurationPlatforms) = postSolution
		{BB761B6E-014B-486E-A374-5ABADDB2B24D}.Debug|Any CPU.ActiveCfg = Debug|Any CPU
		{BB761B6E-014B-486E-A374-5ABADDB2B24D}.Debug|Any CPU.Build.0 = Debug|Any CPU
		{BB761B6E-014B-486E-A374-5ABADDB2B24D}.Debug|x64.ActiveCfg = Debug|Any CPU
		{BB761B6E-014B-486E-A374-5ABADDB2B24D}.Debug|x64.Build.0 = Debug|Any CPU
		{BB761B6E-014B-486E-A374-5ABADDB2B24D}.Debug|x86.ActiveCfg = Debug|Any CPU
		{BB761B6E-014B-486E-A374-5ABADDB2B24D}.Debug|x86.Build.0 = Debug|Any CPU
		{BB761B6E-014B-486E-A374-5ABADDB2B24D}.Release|Any CPU.ActiveCfg = Release|Any CPU
		{BB761B6E-014B-486E-A374-5ABADDB2B24D}.Release|Any CPU.Build.0 = Release|Any CPU
		{BB761B6E-014B-486E-A374-5ABADDB2B24D}.Release|x64.ActiveCfg = Release|Any CPU
		{BB761B6E-014B-486E-A374-5ABADDB2B24D}.Release|x64.Build.0 = Release|Any CPU
		{BB761B6E-014B-486E-A374-5ABADDB2B24D}.Release|x86.ActiveCfg = Release|Any CPU
		{BB761B6E-014B-486E-A374-5ABADDB2B24D}.Release|x86.Build.0 = Release|Any CPU
		{6E76A0DC-1B32-4166-AB9D-A6F75E0D4B37}.Debug|Any CPU.ActiveCfg = Debug|Any CPU
		{6E76A0DC-1B32-4166-AB9D-A6F75E0D4B37}.Debug|Any CPU.Build.0 = Debug|Any CPU
		{6E76A0DC-1B32-4166-AB9D-A6F75E0D4B37}.Debug|x64.ActiveCfg = Debug|Any CPU
		{6E76A0DC-1B32-4166-AB9D-A6F75E0D4B37}.Debug|x64.Build.0 = Debug|Any CPU
		{6E76A0DC-1B32-4166-AB9D-A6F75E0D4B37}.Debug|x86.ActiveCfg = Debug|Any CPU
		{6E76A0DC-1B32-4166-AB9D-A6F75E0D4B37}.Debug|x86.Build.0 = Debug|Any CPU
		{6E76A0DC-1B32-4166-AB9D-A6F75E0D4B37}.Release|Any CPU.ActiveCfg = Release|Any CPU
		{6E76A0DC-1B32-4166-AB9D-A6F75E0D4B37}.Release|Any CPU.Build.0 = Release|Any CPU
		{6E76A0DC-1B32-4166-AB9D-A6F75E0D4B37}.Release|x64.ActiveCfg = Release|Any CPU
		{6E76A0DC-1B32-4166-AB9D-A6F75E0D4B37}.Release|x64.Build.0 = Release|Any CPU
		{6E76A0DC-1B32-4166-AB9D-A6F75E0D4B37}.Release|x86.ActiveCfg = Release|Any CPU
		{6E76A0DC-1B32-4166-AB9D-A6F75E0D4B37}.Release|x86.Build.0 = Release|Any CPU
		{AB87FAA5-0888-4252-B826-25940D423F74}.Debug|Any CPU.ActiveCfg = Debug|Any CPU
		{AB87FAA5-0888-4252-B826-25940D423F74}.Debug|Any CPU.Build.0 = Debug|Any CPU
		{AB87FAA5-0888-4252-B826-25940D423F74}.Debug|x64.ActiveCfg = Debug|Any CPU
		{AB87FAA5-0888-4252-B826-25940D423F74}.Debug|x64.Build.0 = Debug|Any CPU
		{AB87FAA5-0888-4252-B826-25940D423F74}.Debug|x86.ActiveCfg = Debug|Any CPU
		{AB87FAA5-0888-4252-B826-25940D423F74}.Debug|x86.Build.0 = Debug|Any CPU
		{AB87FAA5-0888-4252-B826-25940D423F74}.Release|Any CPU.ActiveCfg = Release|Any CPU
		{AB87FAA5-0888-4252-B826-25940D423F74}.Release|Any CPU.Build.0 = Release|Any CPU
		{AB87FAA5-0888-4252-B826-25940D423F74}.Release|x64.ActiveCfg = Release|Any CPU
		{AB87FAA5-0888-4252-B826-25940D423F74}.Release|x64.Build.0 = Release|Any CPU
		{AB87FAA5-0888-4252-B826-25940D423F74}.Release|x86.ActiveCfg = Release|Any CPU
		{AB87FAA5-0888-4252-B826-25940D423F74}.Release|x86.Build.0 = Release|Any CPU
	EndGlobalSection
EndGlobal
